
Microsoft Visual Studio Solution File, Format Version 12.00
# Visual Studio 15
VisualStudioVersion = 15.0.27004.2009
MinimumVisualStudioVersion = 10.0.40219.1
Project("{9A19103F-16F7-4668-BE54-9A1E7A4F7556}") = "Server", "Server\Server.csproj", "{45F4957E-36B4-44CB-A726-1EF79C0D7009}"
EndProject
Project("{9A19103F-16F7-4668-BE54-9A1E7A4F7556}") = "Samples.Schemas.Orders", "Samples.Schemas.Orders\Samples.Schemas.Orders.csproj", "{CA048943-1CB7-4553-AFBF-BBD9EA2CE0A3}"
EndProject
Global
	GlobalSection(SolutionConfigurationPlatforms) = preSolution
		Debug|Any CPU = Debug|Any CPU
		Release|Any CPU = Release|Any CPU
	EndGlobalSection
	GlobalSection(ProjectConfigurationPlatforms) = postSolution
		{45F4957E-36B4-44CB-A726-1EF79C0D7009}.Debug|Any CPU.ActiveCfg = Debug|Any CPU
		{45F4957E-36B4-44CB-A726-1EF79C0D7009}.Debug|Any CPU.Build.0 = Debug|Any CPU
		{45F4957E-36B4-44CB-A726-1EF79C0D7009}.Release|Any CPU.ActiveCfg = Release|Any CPU
		{45F4957E-36B4-44CB-A726-1EF79C0D7009}.Release|Any CPU.Build.0 = Release|Any CPU
		{CA048943-1CB7-4553-AFBF-BBD9EA2CE0A3}.Debug|Any CPU.ActiveCfg = Debug|Any CPU
		{CA048943-1CB7-4553-AFBF-BBD9EA2CE0A3}.Debug|Any CPU.Build.0 = Debug|Any CPU
		{CA048943-1CB7-4553-AFBF-BBD9EA2CE0A3}.Release|Any CPU.ActiveCfg = Release|Any CPU
		{CA048943-1CB7-4553-AFBF-BBD9EA2CE0A3}.Release|Any CPU.Build.0 = Release|Any CPU
	EndGlobalSection
	GlobalSection(SolutionProperties) = preSolution
		HideSolutionNode = FALSE
	EndGlobalSection
	GlobalSection(ExtensibilityGlobals) = postSolution
		SolutionGuid = {FCAE1022-DCB3-40A1-A1CB-1EA79C05E045}
	EndGlobalSection
EndGlobal
